
Microsoft Visual Studio Solution File, Format Version 12.00
# Visual Studio 2012
Project("{2150E333-8FDC-42A3-9474-1A3956D46DE8}") = "Business", "Business", "{4E15A836-2037-4C53-8BA8-7D70267900D4}"
EndProject
Project("{2150E333-8FDC-42A3-9474-1A3956D46DE8}") = "Presentation", "Presentation", "{22C61792-A1A6-49F7-84FA-9200362E84E1}"
EndProject
Project("{2150E333-8FDC-42A3-9474-1A3956D46DE8}") = "Hosts", "Hosts", "{AE61D64F-22CD-443F-B271-858D6AD09920}"
EndProject
Project("{2150E333-8FDC-42A3-9474-1A3956D46DE8}") = "Shared", "Shared", "{87CC9498-7EF3-40F2-A501-C32FDBBCD2C8}"
EndProject
Project("{2150E333-8FDC-42A3-9474-1A3956D46DE8}") = "Tests", "Tests", "{B318D42A-06F8-49DA-9822-FCB2CD1CBDA0}"
EndProject
Project("{2150E333-8FDC-42A3-9474-1A3956D46DE8}") = "Architecture", "Architecture", "{ED4F5646-BA66-46C1-BF4E-71C94A083817}"
EndProject
Project("{FAE04EC0-301F-11D3-BF4B-00C04F79EFBC}") = "SBiSchoolWeb.UI.MVC", "Presentation\SBiSchoolWeb.UI.MVC\SBiSchoolWeb.UI.MVC.csproj", "{BFAEF31B-B11A-4018-853A-0FB99A2D53A4}"
EndProject
Project("{FAE04EC0-301F-11D3-BF4B-00C04F79EFBC}") = "SBiSchoolWeb.UI.MVC.Tests", "Presentation\SBiSchoolWeb.UI.MVC.Tests\SBiSchoolWeb.UI.MVC.Tests.csproj", "{E3BCA4B9-93C0-4911-A027-8F8694FD9E1A}"
EndProject
Project("{FAE04EC0-301F-11D3-BF4B-00C04F79EFBC}") = "SBiSchoolWeb.Framework", "Shared\SBiSchoolWeb.Framework\SBiSchoolWeb.Framework.csproj", "{8CD23A9C-6C1D-4C82-9496-54CA7841881D}"
EndProject
Project("{FAE04EC0-301F-11D3-BF4B-00C04F79EFBC}") = "SBiSchoolWeb.Entities", "Shared\SBiSchoolWeb.Entities\SBiSchoolWeb.Entities.csproj", "{3BEF7922-536F-4ED1-9005-15A150E42183}"
EndProject
Project("{2150E333-8FDC-42A3-9474-1A3956D46DE8}") = "Data", "Data", "{3662EA64-26A9-4499-988E-23EE64F3448D}"
EndProject
Project("{FAE04EC0-301F-11D3-BF4B-00C04F79EFBC}") = "SBiSchoolWeb.Data", "Data\SBiSchoolWeb.Data\SBiSchoolWeb.Data.csproj", "{EAA26672-DC77-4BD4-962A-2B0A0F5A1C8C}"
EndProject
Project("{FAE04EC0-301F-11D3-BF4B-00C04F79EFBC}") = "SBiSchoolWeb.Data.Agents", "Data\SBiSchoolWeb.Data.Agents\SBiSchoolWeb.Data.Agents.csproj", "{60DCDAD8-74A4-47AE-9668-949110F69344}"
EndProject
Project("{FAE04EC0-301F-11D3-BF4B-00C04F79EFBC}") = "SBiSchoolWeb.Business", "Business\SBiSchoolWeb.Business\SBiSchoolWeb.Business.csproj", "{5BCB7A72-216C-4C1B-BA5B-FDDCEA51BC18}"
EndProject
Project("{FAE04EC0-301F-11D3-BF4B-00C04F79EFBC}") = "SBiSchoolWeb.Workflows.Activities", "Business\SBiSchoolWeb.Workflows.Activities\SBiSchoolWeb.Workflows.Activities.csproj", "{98EC024C-6439-44B1-8B1E-29E457B2201F}"
EndProject
Project("{FAE04EC0-301F-11D3-BF4B-00C04F79EFBC}") = "SBiSchoolWeb.Workflows.Designers", "Business\SBiSchoolWeb.Workflows.Designers\SBiSchoolWeb.Workflows.Designers.csproj", "{12A5B143-A17B-4CBF-9C7D-A6F71CC6489E}"
EndProject
Project("{FAE04EC0-301F-11D3-BF4B-00C04F79EFBC}") = "SBiSchoolWeb.Workflows", "Business\SBiSchoolWeb.Workflows\SBiSchoolWeb.Workflows.csproj", "{810C4C8F-D3F7-47CF-8338-E5BEACBE4F8F}"
EndProject
Project("{2150E333-8FDC-42A3-9474-1A3956D46DE8}") = "Services", "Services", "{C29837FF-50F4-4576-807C-AE23B224BF99}"
EndProject
Project("{FAE04EC0-301F-11D3-BF4B-00C04F79EFBC}") = "SBiSchoolWeb.Services.Contracts", "Services\SBiSchoolWeb.Services.Contracts\SBiSchoolWeb.Services.Contracts.csproj", "{55A8DB1F-492F-4385-BAC5-A0D57D247973}"
EndProject
Project("{FAE04EC0-301F-11D3-BF4B-00C04F79EFBC}") = "SBiSchoolWeb.Services", "Services\SBiSchoolWeb.Services\SBiSchoolWeb.Services.csproj", "{97E97DD5-2EA3-4F1D-972A-F2B83D3D8F69}"
EndProject
Project("{FAE04EC0-301F-11D3-BF4B-00C04F79EFBC}") = "SBiSchoolWeb.Hosts.Web", "Hosts\SBiSchoolWeb.Hosts.Web\SBiSchoolWeb.Hosts.Web.csproj", "{DFA40B93-E97E-41EB-AC08-12287C9C17DD}"
EndProject
Project("{FAE04EC0-301F-11D3-BF4B-00C04F79EFBC}") = "SBiSchoolWeb.Test", "Tests\SBiSchoolWeb.Test\SBiSchoolWeb.Test.csproj", "{B8412CFC-7003-4974-8A05-9543153ECC7D}"
EndProject
Project("{F088123C-0E9E-452A-89E6-6BA2F21D5CAC}") = "SBiSchoolWeb.Modeling", "Architecture\SBiSchoolWeb.Modeling\SBiSchoolWeb.Modeling.modelproj", "{5C4A1793-E73A-460B-9137-2E228915C558}"
EndProject
Project("{2150E333-8FDC-42A3-9474-1A3956D46DE8}") = ".nuget", ".nuget", "{8A504F8B-EACD-4F0B-B720-BFA124F880B0}"
	ProjectSection(SolutionItems) = preProject
		.nuget\NuGet.Config = .nuget\NuGet.Config
		.nuget\NuGet.exe = .nuget\NuGet.exe
		.nuget\NuGet.targets = .nuget\NuGet.targets
	EndProjectSection
EndProject
Global
	GlobalSection(SolutionConfigurationPlatforms) = preSolution
		Debug|Any CPU = Debug|Any CPU
		Release|Any CPU = Release|Any CPU
	EndGlobalSection
	GlobalSection(ProjectConfigurationPlatforms) = postSolution
		{BFAEF31B-B11A-4018-853A-0FB99A2D53A4}.Debug|Any CPU.ActiveCfg = Debug|Any CPU
		{BFAEF31B-B11A-4018-853A-0FB99A2D53A4}.Debug|Any CPU.Build.0 = Debug|Any CPU
		{BFAEF31B-B11A-4018-853A-0FB99A2D53A4}.Release|Any CPU.ActiveCfg = Release|Any CPU
		{BFAEF31B-B11A-4018-853A-0FB99A2D53A4}.Release|Any CPU.Build.0 = Release|Any CPU
		{E3BCA4B9-93C0-4911-A027-8F8694FD9E1A}.Debug|Any CPU.ActiveCfg = Debug|Any CPU
		{E3BCA4B9-93C0-4911-A027-8F8694FD9E1A}.Debug|Any CPU.Build.0 = Debug|Any CPU
		{E3BCA4B9-93C0-4911-A027-8F8694FD9E1A}.Release|Any CPU.ActiveCfg = Release|Any CPU
		{E3BCA4B9-93C0-4911-A027-8F8694FD9E1A}.Release|Any CPU.Build.0 = Release|Any CPU
		{8CD23A9C-6C1D-4C82-9496-54CA7841881D}.Debug|Any CPU.ActiveCfg = Debug|Any CPU
		{8CD23A9C-6C1D-4C82-9496-54CA7841881D}.Debug|Any CPU.Build.0 = Debug|Any CPU
		{8CD23A9C-6C1D-4C82-9496-54CA7841881D}.Release|Any CPU.ActiveCfg = Release|Any CPU
		{8CD23A9C-6C1D-4C82-9496-54CA7841881D}.Release|Any CPU.Build.0 = Release|Any CPU
		{3BEF7922-536F-4ED1-9005-15A150E42183}.Debug|Any CPU.ActiveCfg = Debug|Any CPU
		{3BEF7922-536F-4ED1-9005-15A150E42183}.Debug|Any CPU.Build.0 = Debug|Any CPU
		{3BEF7922-536F-4ED1-9005-15A150E42183}.Release|Any CPU.ActiveCfg = Release|Any CPU
		{3BEF7922-536F-4ED1-9005-15A150E42183}.Release|Any CPU.Build.0 = Release|Any CPU
		{EAA26672-DC77-4BD4-962A-2B0A0F5A1C8C}.Debug|Any CPU.ActiveCfg = Debug|Any CPU
		{EAA26672-DC77-4BD4-962A-2B0A0F5A1C8C}.Debug|Any CPU.Build.0 = Debug|Any CPU
		{EAA26672-DC77-4BD4-962A-2B0A0F5A1C8C}.Release|Any CPU.ActiveCfg = Release|Any CPU
		{EAA26672-DC77-4BD4-962A-2B0A0F5A1C8C}.Release|Any CPU.Build.0 = Release|Any CPU
		{60DCDAD8-74A4-47AE-9668-949110F69344}.Debug|Any CPU.ActiveCfg = Debug|Any CPU
		{60DCDAD8-74A4-47AE-9668-949110F69344}.Debug|Any CPU.Build.0 = Debug|Any CPU
		{60DCDAD8-74A4-47AE-9668-949110F69344}.Release|Any CPU.ActiveCfg = Release|Any CPU
		{60DCDAD8-74A4-47AE-9668-949110F69344}.Release|Any CPU.Build.0 = Release|Any CPU
		{5BCB7A72-216C-4C1B-BA5B-FDDCEA51BC18}.Debug|Any CPU.ActiveCfg = Debug|Any CPU
		{5BCB7A72-216C-4C1B-BA5B-FDDCEA51BC18}.Debug|Any CPU.Build.0 = Debug|Any CPU
		{5BCB7A72-216C-4C1B-BA5B-FDDCEA51BC18}.Release|Any CPU.ActiveCfg = Release|Any CPU
		{5BCB7A72-216C-4C1B-BA5B-FDDCEA51BC18}.Release|Any CPU.Build.0 = Release|Any CPU
		{98EC024C-6439-44B1-8B1E-29E457B2201F}.Debug|Any CPU.ActiveCfg = Debug|Any CPU
		{98EC024C-6439-44B1-8B1E-29E457B2201F}.Debug|Any CPU.Build.0 = Debug|Any CPU
		{98EC024C-6439-44B1-8B1E-29E457B2201F}.Release|Any CPU.ActiveCfg = Release|Any CPU
		{98EC024C-6439-44B1-8B1E-29E457B2201F}.Release|Any CPU.Build.0 = Release|Any CPU
		{12A5B143-A17B-4CBF-9C7D-A6F71CC6489E}.Debug|Any CPU.ActiveCfg = Debug|Any CPU
		{12A5B143-A17B-4CBF-9C7D-A6F71CC6489E}.Debug|Any CPU.Build.0 = Debug|Any CPU
		{12A5B143-A17B-4CBF-9C7D-A6F71CC6489E}.Release|Any CPU.ActiveCfg = Release|Any CPU
		{12A5B143-A17B-4CBF-9C7D-A6F71CC6489E}.Release|Any CPU.Build.0 = Release|Any CPU
		{810C4C8F-D3F7-47CF-8338-E5BEACBE4F8F}.Debug|Any CPU.ActiveCfg = Debug|Any CPU
		{810C4C8F-D3F7-47CF-8338-E5BEACBE4F8F}.Debug|Any CPU.Build.0 = Debug|Any CPU
		{810C4C8F-D3F7-47CF-8338-E5BEACBE4F8F}.Release|Any CPU.ActiveCfg = Release|Any CPU
		{810C4C8F-D3F7-47CF-8338-E5BEACBE4F8F}.Release|Any CPU.Build.0 = Release|Any CPU
		{55A8DB1F-492F-4385-BAC5-A0D57D247973}.Debug|Any CPU.ActiveCfg = Debug|Any CPU
		{55A8DB1F-492F-4385-BAC5-A0D57D247973}.Debug|Any CPU.Build.0 = Debug|Any CPU
		{55A8DB1F-492F-4385-BAC5-A0D57D247973}.Release|Any CPU.ActiveCfg = Release|Any CPU
		{55A8DB1F-492F-4385-BAC5-A0D57D247973}.Release|Any CPU.Build.0 = Release|Any CPU
		{97E97DD5-2EA3-4F1D-972A-F2B83D3D8F69}.Debug|Any CPU.ActiveCfg = Debug|Any CPU
		{97E97DD5-2EA3-4F1D-972A-F2B83D3D8F69}.Debug|Any CPU.Build.0 = Debug|Any CPU
		{97E97DD5-2EA3-4F1D-972A-F2B83D3D8F69}.Release|Any CPU.ActiveCfg = Release|Any CPU
		{97E97DD5-2EA3-4F1D-972A-F2B83D3D8F69}.Release|Any CPU.Build.0 = Release|Any CPU
		{DFA40B93-E97E-41EB-AC08-12287C9C17DD}.Debug|Any CPU.ActiveCfg = Debug|Any CPU
		{DFA40B93-E97E-41EB-AC08-12287C9C17DD}.Debug|Any CPU.Build.0 = Debug|Any CPU
		{DFA40B93-E97E-41EB-AC08-12287C9C17DD}.Release|Any CPU.ActiveCfg = Release|Any CPU
		{DFA40B93-E97E-41EB-AC08-12287C9C17DD}.Release|Any CPU.Build.0 = Release|Any CPU
		{B8412CFC-7003-4974-8A05-9543153ECC7D}.Debug|Any CPU.ActiveCfg = Debug|Any CPU
		{B8412CFC-7003-4974-8A05-9543153ECC7D}.Debug|Any CPU.Build.0 = Debug|Any CPU
		{B8412CFC-7003-4974-8A05-9543153ECC7D}.Release|Any CPU.ActiveCfg = Release|Any CPU
		{B8412CFC-7003-4974-8A05-9543153ECC7D}.Release|Any CPU.Build.0 = Release|Any CPU
		{5C4A1793-E73A-460B-9137-2E228915C558}.Debug|Any CPU.ActiveCfg = Debug|Any CPU
		{5C4A1793-E73A-460B-9137-2E228915C558}.Debug|Any CPU.Build.0 = Debug|Any CPU
		{5C4A1793-E73A-460B-9137-2E228915C558}.Release|Any CPU.ActiveCfg = Release|Any CPU
		{5C4A1793-E73A-460B-9137-2E228915C558}.Release|Any CPU.Build.0 = Release|Any CPU
	EndGlobalSection
	GlobalSection(SolutionProperties) = preSolution
		HideSolutionNode = FALSE
	EndGlobalSection
	GlobalSection(NestedProjects) = preSolution
		{5BCB7A72-216C-4C1B-BA5B-FDDCEA51BC18} = {4E15A836-2037-4C53-8BA8-7D70267900D4}
		{98EC024C-6439-44B1-8B1E-29E457B2201F} = {4E15A836-2037-4C53-8BA8-7D70267900D4}
		{12A5B143-A17B-4CBF-9C7D-A6F71CC6489E} = {4E15A836-2037-4C53-8BA8-7D70267900D4}
		{810C4C8F-D3F7-47CF-8338-E5BEACBE4F8F} = {4E15A836-2037-4C53-8BA8-7D70267900D4}
		{BFAEF31B-B11A-4018-853A-0FB99A2D53A4} = {22C61792-A1A6-49F7-84FA-9200362E84E1}
		{E3BCA4B9-93C0-4911-A027-8F8694FD9E1A} = {22C61792-A1A6-49F7-84FA-9200362E84E1}
		{DFA40B93-E97E-41EB-AC08-12287C9C17DD} = {AE61D64F-22CD-443F-B271-858D6AD09920}
		{8CD23A9C-6C1D-4C82-9496-54CA7841881D} = {87CC9498-7EF3-40F2-A501-C32FDBBCD2C8}
		{3BEF7922-536F-4ED1-9005-15A150E42183} = {87CC9498-7EF3-40F2-A501-C32FDBBCD2C8}
		{B8412CFC-7003-4974-8A05-9543153ECC7D} = {B318D42A-06F8-49DA-9822-FCB2CD1CBDA0}
		{5C4A1793-E73A-460B-9137-2E228915C558} = {ED4F5646-BA66-46C1-BF4E-71C94A083817}
		{EAA26672-DC77-4BD4-962A-2B0A0F5A1C8C} = {3662EA64-26A9-4499-988E-23EE64F3448D}
		{60DCDAD8-74A4-47AE-9668-949110F69344} = {3662EA64-26A9-4499-988E-23EE64F3448D}
		{55A8DB1F-492F-4385-BAC5-A0D57D247973} = {C29837FF-50F4-4576-807C-AE23B224BF99}
		{97E97DD5-2EA3-4F1D-972A-F2B83D3D8F69} = {C29837FF-50F4-4576-807C-AE23B224BF99}
	EndGlobalSection
EndGlobal
